{
  "name": "example",
  "version": "0.0.0",
  "lockfileVersion": 2,
  "requires": true,
  "packages": {
    "": {
      "name": "example",
      "version": "0.0.0",
      "dependencies": {
        "@awesomeorganization/servers": "2.0.2",
        "@awesomeorganization/session-handler": ".."
      }
    },
    "..": {
      "name": "@awesomeorganization/session-handler",
      "version": "1.1.0",
      "license": "MIT",
      "devDependencies": {
        "@awesomeorganization/servers": "2.0.2",
        "eslint-config-prettier": "8.3.0",
        "eslint-plugin-node": "11.1.0",
        "undici": "4.7.0"
      }
    },
    "node_modules/@awesomeorganization/servers": {
      "version": "2.0.2",
      "resolved": "https://registry.npmjs.org/@awesomeorganization/servers/-/servers-2.0.2.tgz",
      "integrity": "sha512-cpxudLojFShfdniH2T8pIdMjUs74Upk3Fb2hrDAm3S7AynCcCAnGkjJyrtq1SuR5iY2f6zBIh1JUq2foxNkYag==",
      "engines": {
        "node": ">=16.0.0",
        "npm": ">=8.0.0"
      }
    },
    "node_modules/@awesomeorganization/session-handler": {
      "resolved": "..",
      "link": true
    }
  },
  "dependencies": {
    "@awesomeorganization/servers": {
      "version": "2.0.2",
      "resolved": "https://registry.npmjs.org/@awesomeorganization/servers/-/servers-2.0.2.tgz",
      "integrity": "sha512-cpxudLojFShfdniH2T8pIdMjUs74Upk3Fb2hrDAm3S7AynCcCAnGkjJyrtq1SuR5iY2f6zBIh1JUq2foxNkYag=="
    },
    "@awesomeorganization/session-handler": {
      "version": "file:..",
      "requires": {
        "@awesomeorganization/servers": "2.0.2",
        "eslint-config-prettier": "8.3.0",
        "eslint-plugin-node": "11.1.0",
        "undici": "4.7.0"
      }
    }
  }
}
