{
  "name": "example",
  "version": "0.0.0",
  "lockfileVersion": 2,
  "requires": true,
  "packages": {
    "": {
      "name": "example",
      "version": "0.0.0",
      "dependencies": {
        "@awesomeorganization/servers": "1.0.2",
        "@awesomeorganization/session-handler": ".."
      }
    },
    "..": {
      "version": "1.1.0",
      "license": "MIT",
      "devDependencies": {
        "@awesomeorganization/servers": "1.1.0",
        "eslint-config-prettier": "8.3.0",
        "eslint-plugin-node": "11.1.0",
        "undici": "4.7.0"
      }
    },
    "node_modules/@awesomeorganization/servers": {
      "version": "1.0.2",
      "resolved": "https://registry.npmjs.org/@awesomeorganization/servers/-/servers-1.0.2.tgz",
      "integrity": "sha512-KLkfDsTq4PUuZ3IS+3Y5BH04cMPSTwj8ppbfuXCoNYNcfYo3ilSNxBsVeon+wPSnPG+DJ/4L4OQqXOYumre+Pg==",
      "peerDependencies": {
        "eslint": "7.24.0",
        "prettier": "2.2.1"
      },
      "peerDependenciesMeta": {
        "eslint": {
          "optional": true
        },
        "prettier": {
          "optional": true
        }
      }
    },
    "node_modules/@awesomeorganization/session-handler": {
      "resolved": "..",
      "link": true
    }
  },
  "dependencies": {
    "@awesomeorganization/servers": {
      "version": "1.0.2",
      "resolved": "https://registry.npmjs.org/@awesomeorganization/servers/-/servers-1.0.2.tgz",
      "integrity": "sha512-KLkfDsTq4PUuZ3IS+3Y5BH04cMPSTwj8ppbfuXCoNYNcfYo3ilSNxBsVeon+wPSnPG+DJ/4L4OQqXOYumre+Pg==",
      "requires": {}
    },
    "@awesomeorganization/session-handler": {
      "version": "file:..",
      "requires": {
        "@awesomeorganization/servers": "1.1.0",
        "eslint-config-prettier": "8.3.0",
        "eslint-plugin-node": "11.1.0",
        "undici": "4.7.0"
      }
    }
  }
}
